
Microsoft Visual Studio Solution File, Format Version 11.00
# Visual Studio 2010
Project("{FAE04EC0-301F-11D3-BF4B-00C04F79EFBC}") = "Assembly-CSharp", "Assembly-CSharp.csproj", "{92AB6CCF-1720-4173-A918-6082AC11FCAC}"
EndProject
Project("{FAE04EC0-301F-11D3-BF4B-00C04F79EFBC}") = "Assembly-CSharp-Editor", "Assembly-CSharp-Editor.csproj", "{0A3A0B87-D428-BF46-F67E-87F953A8276F}"
EndProject
Global
	GlobalSection(SolutionConfigurationPlatforms) = preSolution
		Debug|Any CPU = Debug|Any CPU
		Release|Any CPU = Release|Any CPU
	EndGlobalSection
	GlobalSection(ProjectConfigurationPlatforms) = postSolution
		{92AB6CCF-1720-4173-A918-6082AC11FCAC}.Debug|Any CPU.ActiveCfg = Debug|Any CPU
		{92AB6CCF-1720-4173-A918-6082AC11FCAC}.Debug|Any CPU.Build.0 = Debug|Any CPU
		{92AB6CCF-1720-4173-A918-6082AC11FCAC}.Release|Any CPU.ActiveCfg = Release|Any CPU
		{92AB6CCF-1720-4173-A918-6082AC11FCAC}.Release|Any CPU.Build.0 = Release|Any CPU
		{0A3A0B87-D428-BF46-F67E-87F953A8276F}.Debug|Any CPU.ActiveCfg = Debug|Any CPU
		{0A3A0B87-D428-BF46-F67E-87F953A8276F}.Debug|Any CPU.Build.0 = Debug|Any CPU
		{0A3A0B87-D428-BF46-F67E-87F953A8276F}.Release|Any CPU.ActiveCfg = Release|Any CPU
		{0A3A0B87-D428-BF46-F67E-87F953A8276F}.Release|Any CPU.Build.0 = Release|Any CPU
	EndGlobalSection
	GlobalSection(SolutionProperties) = preSolution
		HideSolutionNode = FALSE
	EndGlobalSection
EndGlobal
